{
  "name": "flare-vue-consumer-smoke",
  "lockfileVersion": 3,
  "requires": true,
  "packages": {
    "": {
      "name": "flare-vue-consumer-smoke",
      "dependencies": {
        "@flare-im/tokens": "file:../../../tokens",
        "@flare-im/vue-ui": "file:../../../packages/vue-im-ui",
        "@vitejs/plugin-vue": "^6.0.7",
        "naive-ui": "^2.44.1",
        "vite": "^6.4.3",
        "vue": "^3.5.13",
        "vue-router": "^4.6.4"
      },
      "devDependencies": {}
    },
    "../../../packages/vue-im-ui": {
      "name": "@flare-im/vue-ui",
      "version": "2.0.0-rc.1",
      "license": "Apache-2.0",
      "dependencies": {
        "@flare-im/tokens": "2.0.0-rc.1",
        "@lucide/vue": "1.44.0",
        "@types/markdown-it": "^14.1.2",
        "@vicons/ionicons5": "^0.12.0",
        "markdown-it": "^14.2.0"
      },
      "devDependencies": {
        "@types/node": "^26.0.0",
        "@vitejs/plugin-vue": "^6.0.7",
        "@vue/test-utils": "^2.5.0",
        "esbuild": "^0.25.12",
        "happy-dom": "^20.14.0",
        "markdown-it": "^14.2.0",
        "naive-ui": "^2.44.1",
        "typescript": "~5.6.2",
        "vite": "^6.4.3",
        "vitest": "^3.2.6",
        "vue": "^3.5.13",
        "vue-tsc": "^2.1.10"
      },
      "peerDependencies": {
        "naive-ui": "^2.44.0",
        "vue": "^3.5.0"
      }
    },
    "../../../tokens": {
      "name": "@flare-im/tokens",
      "version": "2.0.0-rc.1",
      "license": "Apache-2.0"
    },
    "../../packages/vue-im-ui": {
      "extraneous": true
    },
    "../../tokens": {
      "extraneous": true
    },
    "node_modules/@babel/helper-string-parser": {
      "version": "7.29.7",
      "license": "MIT",
      "engines": {
        "node": ">=6.9.0"
      }
    },
    "node_modules/@babel/helper-validator-identifier": {
      "version": "7.29.7",
      "license": "MIT",
      "engines": {
        "node": ">=6.9.0"
      }
    },
    "node_modules/@babel/parser": {
      "version": "7.29.8",
      "license": "MIT",
      "dependencies": {
        "@babel/types": "^7.29.8"
      },
      "bin": {
        "parser": "bin/babel-parser.js"
      },
      "engines": {
        "node": ">=6.0.0"
      }
    },
    "node_modules/@babel/types": {
      "version": "7.29.8",
      "license": "MIT",
      "dependencies": {
        "@babel/helper-string-parser": "^7.29.7",
        "@babel/helper-validator-identifier": "^7.29.7"
      },
      "engines": {
        "node": ">=6.9.0"
      }
    },
    "node_modules/@css-render/plugin-bem": {
      "version": "0.15.14",
      "license": "MIT",
      "peerDependencies": {
        "css-render": "~0.15.14"
      }
    },
    "node_modules/@css-render/vue3-ssr": {
      "version": "0.15.14",
      "license": "MIT",
      "peerDependencies": {
        "vue": "^3.0.11"
      }
    },
    "node_modules/@emotion/hash": {
      "version": "0.8.0",
      "license": "MIT"
    },
    "node_modules/@esbuild/darwin-arm64": {
      "version": "0.25.12",
      "cpu": [
        "arm64"
      ],
      "license": "MIT",
      "optional": true,
      "os": [
        "darwin"
      ],
      "engines": {
        "node": ">=18"
      }
    },
    "node_modules/@flare-im/tokens": {
      "resolved": "../../../tokens",
      "link": true
    },
    "node_modules/@flare-im/vue-ui": {
      "resolved": "../../../packages/vue-im-ui",
      "link": true
    },
    "node_modules/@jridgewell/sourcemap-codec": {
      "version": "1.6.0",
      "license": "MIT"
    },
    "node_modules/@juggle/resize-observer": {
      "version": "3.4.0",
      "license": "Apache-2.0"
    },
    "node_modules/@rolldown/pluginutils": {
      "version": "1.0.1",
      "license": "MIT"
    },
    "node_modules/@rollup/rollup-darwin-arm64": {
      "version": "4.63.1",
      "cpu": [
        "arm64"
      ],
      "license": "MIT",
      "optional": true,
      "os": [
        "darwin"
      ]
    },
    "node_modules/@types/estree": {
      "version": "1.0.9",
      "license": "MIT"
    },
    "node_modules/@types/lodash": {
      "version": "4.17.25",
      "license": "MIT"
    },
    "node_modules/@types/lodash-es": {
      "version": "4.17.12",
      "license": "MIT",
      "dependencies": {
        "@types/lodash": "*"
      }
    },
    "node_modules/@vitejs/plugin-vue": {
      "version": "6.0.8",
      "license": "MIT",
      "dependencies": {
        "@rolldown/pluginutils": "^1.0.1"
      },
      "engines": {
        "node": "^20.19.0 || >=22.12.0"
      },
      "peerDependencies": {
        "vite": "^5.0.0 || ^6.0.0 || ^7.0.0 || ^8.0.0",
        "vue": "^3.2.25"
      }
    },
    "node_modules/@vue/compiler-core": {
      "version": "3.5.42",
      "license": "MIT",
      "dependencies": {
        "@babel/parser": "^7.29.8",
        "@vue/shared": "3.5.42",
        "entities": "^7.0.1",
        "estree-walker": "^2.0.2",
        "source-map-js": "^1.2.1"
      }
    },
    "node_modules/@vue/compiler-dom": {
      "version": "3.5.42",
      "license": "MIT",
      "dependencies": {
        "@vue/compiler-core": "3.5.42",
        "@vue/shared": "3.5.42"
      }
    },
    "node_modules/@vue/compiler-sfc": {
      "version": "3.5.42",
      "license": "MIT",
      "dependencies": {
        "@babel/parser": "^7.29.8",
        "@vue/compiler-core": "3.5.42",
        "@vue/compiler-dom": "3.5.42",
        "@vue/compiler-ssr": "3.5.42",
        "@vue/shared": "3.5.42",
        "estree-walker": "^2.0.2",
        "magic-string": "^0.30.21",
        "postcss": "^8.5.19",
        "source-map-js": "^1.2.1"
      }
    },
    "node_modules/@vue/compiler-ssr": {
      "version": "3.5.42",
      "license": "MIT",
      "dependencies": {
        "@vue/compiler-dom": "3.5.42",
        "@vue/shared": "3.5.42"
      }
    },
    "node_modules/@vue/devtools-api": {
      "version": "6.6.4",
      "license": "MIT"
    },
    "node_modules/@vue/reactivity": {
      "version": "3.5.42",
      "license": "MIT",
      "dependencies": {
        "@vue/shared": "3.5.42"
      }
    },
    "node_modules/@vue/runtime-core": {
      "version": "3.5.42",
      "license": "MIT",
      "dependencies": {
        "@vue/reactivity": "3.5.42",
        "@vue/shared": "3.5.42"
      }
    },
    "node_modules/@vue/runtime-dom": {
      "version": "3.5.42",
      "license": "MIT",
      "dependencies": {
        "@vue/reactivity": "3.5.42",
        "@vue/runtime-core": "3.5.42",
        "@vue/shared": "3.5.42",
        "csstype": "^3.2.3"
      }
    },
    "node_modules/@vue/server-renderer": {
      "version": "3.5.42",
      "license": "MIT",
      "dependencies": {
        "@vue/compiler-ssr": "3.5.42",
        "@vue/runtime-dom": "3.5.42",
        "@vue/shared": "3.5.42"
      }
    },
    "node_modules/@vue/shared": {
      "version": "3.5.42",
      "license": "MIT"
    },
    "node_modules/async-validator": {
      "version": "4.2.5",
      "license": "MIT"
    },
    "node_modules/css-render": {
      "version": "0.15.14",
      "license": "MIT",
      "dependencies": {
        "@emotion/hash": "~0.8.0",
        "csstype": "~3.0.5"
      }
    },
    "node_modules/css-render/node_modules/csstype": {
      "version": "3.0.11",
      "license": "MIT"
    },
    "node_modules/csstype": {
      "version": "3.2.3",
      "license": "MIT"
    },
    "node_modules/date-fns": {
      "version": "4.4.0",
      "license": "MIT",
      "funding": {
        "type": "github",
        "url": "https://github.com/sponsors/kossnocorp"
      }
    },
    "node_modules/date-fns-tz": {
      "version": "3.2.0",
      "license": "MIT",
      "peerDependencies": {
        "date-fns": "^3.0.0 || ^4.0.0"
      }
    },
    "node_modules/entities": {
      "version": "7.0.1",
      "license": "BSD-2-Clause",
      "engines": {
        "node": ">=0.12"
      },
      "funding": {
        "url": "https://github.com/fb55/entities?sponsor=1"
      }
    },
    "node_modules/esbuild": {
      "version": "0.25.12",
      "hasInstallScript": true,
      "license": "MIT",
      "bin": {
        "esbuild": "bin/esbuild"
      },
      "engines": {
        "node": ">=18"
      },
      "optionalDependencies": {
        "@esbuild/aix-ppc64": "0.25.12",
        "@esbuild/android-arm": "0.25.12",
        "@esbuild/android-arm64": "0.25.12",
        "@esbuild/android-x64": "0.25.12",
        "@esbuild/darwin-arm64": "0.25.12",
        "@esbuild/darwin-x64": "0.25.12",
        "@esbuild/freebsd-arm64": "0.25.12",
        "@esbuild/freebsd-x64": "0.25.12",
        "@esbuild/linux-arm": "0.25.12",
        "@esbuild/linux-arm64": "0.25.12",
        "@esbuild/linux-ia32": "0.25.12",
        "@esbuild/linux-loong64": "0.25.12",
        "@esbuild/linux-mips64el": "0.25.12",
        "@esbuild/linux-ppc64": "0.25.12",
        "@esbuild/linux-riscv64": "0.25.12",
        "@esbuild/linux-s390x": "0.25.12",
        "@esbuild/linux-x64": "0.25.12",
        "@esbuild/netbsd-arm64": "0.25.12",
        "@esbuild/netbsd-x64": "0.25.12",
        "@esbuild/openbsd-arm64": "0.25.12",
        "@esbuild/openbsd-x64": "0.25.12",
        "@esbuild/openharmony-arm64": "0.25.12",
        "@esbuild/sunos-x64": "0.25.12",
        "@esbuild/win32-arm64": "0.25.12",
        "@esbuild/win32-ia32": "0.25.12",
        "@esbuild/win32-x64": "0.25.12"
      }
    },
    "node_modules/estree-walker": {
      "version": "2.0.2",
      "license": "MIT"
    },
    "node_modules/evtd": {
      "version": "0.2.4",
      "license": "MIT"
    },
    "node_modules/fdir": {
      "version": "6.5.0",
      "license": "MIT",
      "engines": {
        "node": ">=12.0.0"
      },
      "peerDependencies": {
        "picomatch": "^3 || ^4"
      },
      "peerDependenciesMeta": {
        "picomatch": {
          "optional": true
        }
      }
    },
    "node_modules/fsevents": {
      "version": "2.3.3",
      "license": "MIT",
      "optional": true,
      "os": [
        "darwin"
      ],
      "engines": {
        "node": "^8.16.0 || ^10.6.0 || >=11.0.0"
      }
    },
    "node_modules/highlight.js": {
      "version": "11.12.0",
      "license": "BSD-3-Clause",
      "engines": {
        "node": ">=12.0.0"
      }
    },
    "node_modules/lodash": {
      "version": "4.18.1",
      "license": "MIT"
    },
    "node_modules/lodash-es": {
      "version": "4.18.1",
      "license": "MIT"
    },
    "node_modules/magic-string": {
      "version": "0.30.21",
      "license": "MIT",
      "dependencies": {
        "@jridgewell/sourcemap-codec": "^1.5.5"
      }
    },
    "node_modules/naive-ui": {
      "version": "2.45.3",
      "license": "MIT",
      "dependencies": {
        "@css-render/plugin-bem": "^0.15.14",
        "@css-render/vue3-ssr": "^0.15.14",
        "@types/lodash": "^4.17.20",
        "@types/lodash-es": "^4.17.12",
        "async-validator": "^4.2.5",
        "css-render": "^0.15.14",
        "csstype": "^3.1.3",
        "date-fns": "^4.1.0",
        "date-fns-tz": "^3.2.0",
        "evtd": "^0.2.4",
        "highlight.js": "^11.8.0",
        "lodash": "^4.17.21",
        "lodash-es": "^4.17.21",
        "seemly": "^0.3.10",
        "treemate": "^0.3.11",
        "vdirs": "^0.1.8",
        "vooks": "^0.2.12",
        "vueuc": "^0.4.66"
      },
      "engines": {
        "node": ">=20"
      },
      "peerDependencies": {
        "vue": "^3.0.0"
      }
    },
    "node_modules/nanoid": {
      "version": "3.3.18",
      "funding": [
        {
          "type": "github",
          "url": "https://github.com/sponsors/ai"
        }
      ],
      "license": "MIT",
      "bin": {
        "nanoid": "bin/nanoid.cjs"
      },
      "engines": {
        "node": "^10 || ^12 || ^13.7 || ^14 || >=15.0.1"
      }
    },
    "node_modules/picocolors": {
      "version": "1.1.1",
      "license": "ISC"
    },
    "node_modules/picomatch": {
      "version": "4.0.7",
      "license": "MIT",
      "engines": {
        "node": ">=12"
      },
      "funding": {
        "url": "https://github.com/sponsors/jonschlinkert"
      }
    },
    "node_modules/postcss": {
      "version": "8.5.28",
      "funding": [
        {
          "type": "opencollective",
          "url": "https://opencollective.com/postcss/"
        },
        {
          "type": "tidelift",
          "url": "https://tidelift.com/funding/github/npm/postcss"
        },
        {
          "type": "github",
          "url": "https://github.com/sponsors/ai"
        }
      ],
      "license": "MIT",
      "dependencies": {
        "nanoid": "^3.3.18",
        "picocolors": "^1.1.1",
        "source-map-js": "^1.2.1"
      },
      "engines": {
        "node": "^10 || ^12 || >=14"
      }
    },
    "node_modules/rollup": {
      "version": "4.63.1",
      "license": "MIT",
      "dependencies": {
        "@types/estree": "1.0.9"
      },
      "bin": {
        "rollup": "dist/bin/rollup"
      },
      "engines": {
        "node": ">=18.0.0",
        "npm": ">=8.0.0"
      },
      "optionalDependencies": {
        "@napi-rs/lzma-linux-x64-gnu": "1.5.1",
        "@rollup/rollup-android-arm-eabi": "4.63.1",
        "@rollup/rollup-android-arm64": "4.63.1",
        "@rollup/rollup-darwin-arm64": "4.63.1",
        "@rollup/rollup-darwin-x64": "4.63.1",
        "@rollup/rollup-freebsd-arm64": "4.63.1",
        "@rollup/rollup-freebsd-x64": "4.63.1",
        "@rollup/rollup-linux-arm-gnueabihf": "4.63.1",
        "@rollup/rollup-linux-arm-musleabihf": "4.63.1",
        "@rollup/rollup-linux-arm64-gnu": "4.63.1",
        "@rollup/rollup-linux-arm64-musl": "4.63.1",
        "@rollup/rollup-linux-loong64-gnu": "4.63.1",
        "@rollup/rollup-linux-loong64-musl": "4.63.1",
        "@rollup/rollup-linux-ppc64-gnu": "4.63.1",
        "@rollup/rollup-linux-ppc64-musl": "4.63.1",
        "@rollup/rollup-linux-riscv64-gnu": "4.63.1",
        "@rollup/rollup-linux-riscv64-musl": "4.63.1",
        "@rollup/rollup-linux-s390x-gnu": "4.63.1",
        "@rollup/rollup-linux-x64-gnu": "4.63.1",
        "@rollup/rollup-linux-x64-musl": "4.63.1",
        "@rollup/rollup-openbsd-x64": "4.63.1",
        "@rollup/rollup-openharmony-arm64": "4.63.1",
        "@rollup/rollup-win32-arm64-msvc": "4.63.1",
        "@rollup/rollup-win32-ia32-msvc": "4.63.1",
        "@rollup/rollup-win32-x64-gnu": "4.63.1",
        "@rollup/rollup-win32-x64-msvc": "4.63.1",
        "fsevents": "~2.3.2"
      }
    },
    "node_modules/seemly": {
      "version": "0.3.10",
      "license": "MIT"
    },
    "node_modules/source-map-js": {
      "version": "1.2.1",
      "license": "BSD-3-Clause",
      "engines": {
        "node": ">=0.10.0"
      }
    },
    "node_modules/tinyglobby": {
      "version": "0.2.17",
      "license": "MIT",
      "dependencies": {
        "fdir": "^6.5.0",
        "picomatch": "^4.0.4"
      },
      "engines": {
        "node": ">=12.0.0"
      },
      "funding": {
        "url": "https://github.com/sponsors/SuperchupuDev"
      }
    },
    "node_modules/treemate": {
      "version": "0.3.11",
      "license": "MIT"
    },
    "node_modules/vdirs": {
      "version": "0.1.8",
      "license": "MIT",
      "dependencies": {
        "evtd": "^0.2.2"
      },
      "peerDependencies": {
        "vue": "^3.0.11"
      }
    },
    "node_modules/vite": {
      "version": "6.4.3",
      "license": "MIT",
      "dependencies": {
        "esbuild": "^0.25.0",
        "fdir": "^6.4.4",
        "picomatch": "^4.0.2",
        "postcss": "^8.5.3",
        "rollup": "^4.34.9",
        "tinyglobby": "^0.2.13"
      },
      "bin": {
        "vite": "bin/vite.js"
      },
      "engines": {
        "node": "^18.0.0 || ^20.0.0 || >=22.0.0"
      },
      "funding": {
        "url": "https://github.com/vitejs/vite?sponsor=1"
      },
      "optionalDependencies": {
        "fsevents": "~2.3.3"
      },
      "peerDependencies": {
        "@types/node": "^18.0.0 || ^20.0.0 || >=22.0.0",
        "jiti": ">=1.21.0",
        "less": "*",
        "lightningcss": "^1.21.0",
        "sass": "*",
        "sass-embedded": "*",
        "stylus": "*",
        "sugarss": "*",
        "terser": "^5.16.0",
        "tsx": "^4.8.1",
        "yaml": "^2.4.2"
      },
      "peerDependenciesMeta": {
        "@types/node": {
          "optional": true
        },
        "jiti": {
          "optional": true
        },
        "less": {
          "optional": true
        },
        "lightningcss": {
          "optional": true
        },
        "sass": {
          "optional": true
        },
        "sass-embedded": {
          "optional": true
        },
        "stylus": {
          "optional": true
        },
        "sugarss": {
          "optional": true
        },
        "terser": {
          "optional": true
        },
        "tsx": {
          "optional": true
        },
        "yaml": {
          "optional": true
        }
      }
    },
    "node_modules/vooks": {
      "version": "0.2.12",
      "license": "MIT",
      "dependencies": {
        "evtd": "^0.2.2"
      },
      "peerDependencies": {
        "vue": "^3.0.0"
      }
    },
    "node_modules/vue": {
      "version": "3.5.42",
      "license": "MIT",
      "dependencies": {
        "@vue/compiler-dom": "3.5.42",
        "@vue/compiler-sfc": "3.5.42",
        "@vue/runtime-dom": "3.5.42",
        "@vue/server-renderer": "3.5.42",
        "@vue/shared": "3.5.42"
      },
      "peerDependencies": {
        "typescript": "*"
      },
      "peerDependenciesMeta": {
        "typescript": {
          "optional": true
        }
      }
    },
    "node_modules/vue-router": {
      "version": "4.6.4",
      "license": "MIT",
      "dependencies": {
        "@vue/devtools-api": "^6.6.4"
      },
      "funding": {
        "url": "https://github.com/sponsors/posva"
      },
      "peerDependencies": {
        "vue": "^3.5.0"
      }
    },
    "node_modules/vueuc": {
      "version": "0.4.66",
      "license": "MIT",
      "dependencies": {
        "@css-render/vue3-ssr": "^0.15.10",
        "@juggle/resize-observer": "^3.3.1",
        "css-render": "^0.15.10",
        "evtd": "^0.2.4",
        "seemly": "^0.3.6",
        "vdirs": "^0.1.4",
        "vooks": "^0.2.4"
      },
      "peerDependencies": {
        "vue": "^3.0.11"
      }
    }
  }
}
